{
  "requires": true,
  "lockfileVersion": 1,
  "dependencies": {
    "three": {
      "version": "0.116.1",
      "resolved": "https://verdaccio.vibre.io:443/three/-/three-0.116.1.tgz",
      "integrity": "sha512-l2JCMiA/lVZAuSrLWRYMalvpR+0j8hbIhCpfs4V6JFnw2+JQEQJ5HltNpfFr+9TDpQts1BhtcISehWf/xBGPvQ=="
    },
    "three-spritetext": {
      "version": "1.5.1",
      "resolved": "https://verdaccio.vibre.io:443/three-spritetext/-/three-spritetext-1.5.1.tgz",
      "integrity": "sha512-0/KTfiFJEFL6Dkrk++GKPmvjJadgrjuOwaAVpbpid1uUVlr543nowdiR/WR0IPn1S4KLBESLuzQPHDLprBJs3A=="
    }
  }
}
